
Microsoft Visual Studio Solution File, Format Version 12.00
# Visual Studio Version 17
VisualStudioVersion = 17.9.34728.123
MinimumVisualStudioVersion = 10.0.40219.1
Project("{2150E333-8FDC-42A3-9474-1A3956D46DE8}") = "Solution Items", "Solution Items", "{A54FAF43-3047-420E-9051-B53D17F02301}"
	ProjectSection(SolutionItems) = preProject
		Controls\cs-script\src\.editorconfig = Controls\cs-script\src\.editorconfig
		..\..\Alternet\Source_AlterNETStudio_7.2\.editorconfig = ..\..\Alternet\Source_AlterNETStudio_7.2\.editorconfig
		Controls\AlterNETStudio_7.2\.editorconfig = Controls\AlterNETStudio_7.2\.editorconfig
		Controls\AlterNETStudio_8.0\.editorconfig = Controls\AlterNETStudio_8.0\.editorconfig
		General classes\CallbackControl.cs = General classes\CallbackControl.cs
		General classes\CallbackControl.Designer.cs = General classes\CallbackControl.Designer.cs
		General classes\ConsoleWriter.cs = General classes\ConsoleWriter.cs
		General classes\Constants.cs = General classes\Constants.cs
		General classes\DaqException.cs = General classes\DaqException.cs
		General classes\EepromAssistant.cs = General classes\EepromAssistant.cs
		General classes\EepromAssistantII.cs = General classes\EepromAssistantII.cs
		General classes\EepromAssistantIII.cs = General classes\EepromAssistantIII.cs
		General classes\EepromAssistantIV.cs = General classes\EepromAssistantIV.cs
		General classes\Enums.cs = General classes\Enums.cs
		General classes\ErrorCodes.cs = General classes\ErrorCodes.cs
		General classes\GuiUtilties.cs = General classes\GuiUtilties.cs
		General classes\IDevice.cs = General classes\IDevice.cs
		General classes\Messages.cs = General classes\Messages.cs
		General classes\MessageTranslator.cs = General classes\MessageTranslator.cs
		General classes\MicroLibrary.cs = General classes\MicroLibrary.cs
		General classes\NL1000Inverter.cs = General classes\NL1000Inverter.cs
		General classes\RateCalculator.cs = General classes\RateCalculator.cs
		General classes\SteadyStateDetector.cs = General classes\SteadyStateDetector.cs
		General classes\TaskResult.cs = General classes\TaskResult.cs
		General classes\Thermocouples.cs = General classes\Thermocouples.cs
	EndProjectSection
EndProject
Project("{2150E333-8FDC-42A3-9474-1A3956D46DE8}") = "Clients", "Clients", "{9B27C7BA-8720-40AF-8511-873043D91349}"
EndProject
Project("{2150E333-8FDC-42A3-9474-1A3956D46DE8}") = "Solution Items (2)", "Solution Items (2)", "{6332CBD5-8A7B-482E-B923-1DE81A5C8AA5}"
	ProjectSection(SolutionItems) = preProject
		Controls\cs-script\src\.editorconfig = Controls\cs-script\src\.editorconfig
		..\..\Alternet\Source_AlterNETStudio_7.2\.editorconfig = ..\..\Alternet\Source_AlterNETStudio_7.2\.editorconfig
		Controls\AlterNETStudio_7.2\.editorconfig = Controls\AlterNETStudio_7.2\.editorconfig
		Controls\AlterNETStudio_8.0\.editorconfig = Controls\AlterNETStudio_8.0\.editorconfig
		General classes\CallbackControl.cs = General classes\CallbackControl.cs
		General classes\CallbackControl.Designer.cs = General classes\CallbackControl.Designer.cs
		General classes\ConsoleWriter.cs = General classes\ConsoleWriter.cs
		General classes\Constants.cs = General classes\Constants.cs
		General classes\DaqException.cs = General classes\DaqException.cs
		General classes\EepromAssistant.cs = General classes\EepromAssistant.cs
		General classes\EepromAssistantII.cs = General classes\EepromAssistantII.cs
		General classes\EepromAssistantIII.cs = General classes\EepromAssistantIII.cs
		General classes\EepromAssistantIV.cs = General classes\EepromAssistantIV.cs
		General classes\Enums.cs = General classes\Enums.cs
		General classes\ErrorCodes.cs = General classes\ErrorCodes.cs
		General classes\GuiUtilties.cs = General classes\GuiUtilties.cs
		General classes\IDevice.cs = General classes\IDevice.cs
		General classes\Messages.cs = General classes\Messages.cs
		General classes\MessageTranslator.cs = General classes\MessageTranslator.cs
		General classes\MicroLibrary.cs = General classes\MicroLibrary.cs
		General classes\NL1000Inverter.cs = General classes\NL1000Inverter.cs
		General classes\RateCalculator.cs = General classes\RateCalculator.cs
		General classes\SteadyStateDetector.cs = General classes\SteadyStateDetector.cs
		General classes\TaskResult.cs = General classes\TaskResult.cs
		General classes\Thermocouples.cs = General classes\Thermocouples.cs
	EndProjectSection
EndProject
Project("{FAE04EC0-301F-11D3-BF4B-00C04F79EFBC}") = "EazyLabCpt", "Clients\EazyLabCpt\EazyLabCpt.csproj", "{121CA1AD-7272-487A-98D3-A6DEC37DE49C}"
EndProject
Global
	GlobalSection(SolutionConfigurationPlatforms) = preSolution
		Debug|Any CPU = Debug|Any CPU
		Release|Any CPU = Release|Any CPU
	EndGlobalSection
	GlobalSection(ProjectConfigurationPlatforms) = postSolution
		{121CA1AD-7272-487A-98D3-A6DEC37DE49C}.Debug|Any CPU.ActiveCfg = Debug|Any CPU
		{121CA1AD-7272-487A-98D3-A6DEC37DE49C}.Debug|Any CPU.Build.0 = Debug|Any CPU
		{121CA1AD-7272-487A-98D3-A6DEC37DE49C}.Release|Any CPU.ActiveCfg = Release|Any CPU
		{121CA1AD-7272-487A-98D3-A6DEC37DE49C}.Release|Any CPU.Build.0 = Release|Any CPU
	EndGlobalSection
	GlobalSection(SolutionProperties) = preSolution
		HideSolutionNode = FALSE
	EndGlobalSection
	GlobalSection(NestedProjects) = preSolution
		{6332CBD5-8A7B-482E-B923-1DE81A5C8AA5} = {A54FAF43-3047-420E-9051-B53D17F02301}
		{121CA1AD-7272-487A-98D3-A6DEC37DE49C} = {9B27C7BA-8720-40AF-8511-873043D91349}
	EndGlobalSection
	GlobalSection(ExtensibilityGlobals) = postSolution
		SolutionGuid = {6614D9BB-0E27-4897-93F6-C2EEF08D59D5}
	EndGlobalSection
	GlobalSection(Performance) = preSolution
		HasPerformanceSessions = true
	EndGlobalSection
	GlobalSection(Performance) = preSolution
		HasPerformanceSessions = true
	EndGlobalSection
	GlobalSection(Performance) = preSolution
		HasPerformanceSessions = true
	EndGlobalSection
	GlobalSection(Performance) = preSolution
		HasPerformanceSessions = true
	EndGlobalSection
	GlobalSection(MonoDevelopProperties) = preSolution
		StartupItem = src/Numerics/Numerics.csproj
	EndGlobalSection
	GlobalSection(MonoDevelopProperties) = preSolution
		StartupItem = src/Numerics/Numerics.csproj
	EndGlobalSection
EndGlobal
